
Microsoft Visual Studio Solution File, Format Version 12.00
# Visual Studio Version 17
VisualStudioVersion = 17.9.34616.47
MinimumVisualStudioVersion = 10.0.40219.1
Project("{FAE04EC0-301F-11D3-BF4B-00C04F79EFBC}") = "boardgame", "boardgame.csproj", "{7713E91A-2734-4555-970D-A9C7133389D6}"
EndProject
Global
	GlobalSection(SolutionConfigurationPlatforms) = preSolution
		Debug|Any CPU = Debug|Any CPU
		Release|Any CPU = Release|Any CPU
	EndGlobalSection
	GlobalSection(ProjectConfigurationPlatforms) = postSolution
		{7713E91A-2734-4555-970D-A9C7133389D6}.Debug|Any CPU.ActiveCfg = Debug|Any CPU
		{7713E91A-2734-4555-970D-A9C7133389D6}.Debug|Any CPU.Build.0 = Debug|Any CPU
		{7713E91A-2734-4555-970D-A9C7133389D6}.Release|Any CPU.ActiveCfg = Release|Any CPU
		{7713E91A-2734-4555-970D-A9C7133389D6}.Release|Any CPU.Build.0 = Release|Any CPU
	EndGlobalSection
	GlobalSection(SolutionProperties) = preSolution
		HideSolutionNode = FALSE
	EndGlobalSection
	GlobalSection(ExtensibilityGlobals) = postSolution
		SolutionGuid = {CF5797DC-75BA-4579-8B6A-51CF26DF4A8D}
	EndGlobalSection
EndGlobal
